<Solution>
  <Project Path="Ventric.Infrastructure/Ventrix.Infrastructure.csproj" />
  <Project Path="Ventrix.App/Ventrix.App.csproj" />
  <Project Path="Ventrix.Domain/Ventrix.Domain.csproj" Id="255df013-88ee-4379-88d3-28ce69cc84ee" />
  <Project Path="Ventrix.Services/Ventrix.Application.csproj" Id="671667f9-ac20-4724-9b58-ef461f21a32d" />
</Solution>
